// !$*UTF8*$!
{
	archiveVersion = 1;
	classes = {
	};
	objectVersion = 56;
	objects = {

/* Begin PBXBuildFile section */
		001BCB772E45DCCA00CDF089 /* Section 1_Create drawing .swift in Sources */ = {isa = PBXBuildFile; fileRef = 001BCB762E45DCCA00CDF089 /* Section 1_Create drawing .swift */; };
		001BCB792E45DD0C00CDF089 /* HexagonParameters.swift in Sources */ = {isa = PBXBuildFile; fileRef = 001BCB782E45DD0C00CDF089 /* HexagonParameters.swift */; };
		001BCB902E45E02200CDF089 /* DetailView.swift in Sources */ = {isa = PBXBuildFile; fileRef = 001BCB812E45E02200CDF089 /* DetailView.swift */; };
		001BCB912E45E02200CDF089 /* HomeToolView.swift in Sources */ = {isa = PBXBuildFile; fileRef = 001BCB832E45E02200CDF089 /* HomeToolView.swift */; };
		001BCB922E45E02200CDF089 /* SearchView.swift in Sources */ = {isa = PBXBuildFile; fileRef = 001BCB852E45E02200CDF089 /* SearchView.swift */; };
		001BCB932E45E02200CDF089 /* Bird.swift in Sources */ = {isa = PBXBuildFile; fileRef = 001BCB862E45E02200CDF089 /* Bird.swift */; };
		001BCB942E45E02200CDF089 /* HomeSliderView.swift in Sources */ = {isa = PBXBuildFile; fileRef = 001BCB872E45E02200CDF089 /* HomeSliderView.swift */; };
		001BCB952E45E02200CDF089 /* ListBird.json in Resources */ = {isa = PBXBuildFile; fileRef = 001BCB882E45E02200CDF089 /* ListBird.json */; };
		001BCB972E45E02200CDF089 /* HomeBannerView.swift in Sources */ = {isa = PBXBuildFile; fileRef = 001BCB8B2E45E02200CDF089 /* HomeBannerView.swift */; };
		001BCB992E45E02200CDF089 /* Extension+Color.swift in Sources */ = {isa = PBXBuildFile; fileRef = 001BCB8D2E45E02200CDF089 /* Extension+Color.swift */; };
		001BCB9C2E45E0CD00CDF089 /* TabbarView.swift in Sources */ = {isa = PBXBuildFile; fileRef = 001BCB9A2E45E0CD00CDF089 /* TabbarView.swift */; };
		001BCBA32E45E33400CDF089 /* Bundle-Extensions.swift in Sources */ = {isa = PBXBuildFile; fileRef = 001BCB9D2E45E33400CDF089 /* Bundle-Extensions.swift */; };
		001BCBA42E45E33400CDF089 /* DateHelper.swift in Sources */ = {isa = PBXBuildFile; fileRef = 001BCB9E2E45E33400CDF089 /* DateHelper.swift */; };
		001BCBA52E45E33400CDF089 /* FileManager-Extensions.swift in Sources */ = {isa = PBXBuildFile; fileRef = 001BCB9F2E45E33400CDF089 /* FileManager-Extensions.swift */; };
		001BCBA62E45E33400CDF089 /* NSObject+Ext.swift in Sources */ = {isa = PBXBuildFile; fileRef = 001BCBA02E45E33400CDF089 /* NSObject+Ext.swift */; };
		001BCBA72E45E33400CDF089 /* UIDevice+Ext.swift in Sources */ = {isa = PBXBuildFile; fileRef = 001BCBA12E45E33400CDF089 /* UIDevice+Ext.swift */; };
		001BCBAA2E45E80B00CDF089 /* Section 3_Draw the badge symbol .swift in Sources */ = {isa = PBXBuildFile; fileRef = 001BCBA92E45E80B00CDF089 /* Section 3_Draw the badge symbol .swift */; };
		001BCBAC2E45E87F00CDF089 /* RotatedBadgeSymbol.swift in Sources */ = {isa = PBXBuildFile; fileRef = 001BCBAB2E45E87F00CDF089 /* RotatedBadgeSymbol.swift */; };
		001BCBAF2E45E8D200CDF089 /* Section 4 Combine the badge foreground and background.swift in Sources */ = {isa = PBXBuildFile; fileRef = 001BCBAE2E45E8D200CDF089 /* Section 4 Combine the badge foreground and background.swift */; };
		001BCBB22E45E97E00CDF089 /* Section 2 Draw the badge background.swift in Sources */ = {isa = PBXBuildFile; fileRef = 001BCBB12E45E97E00CDF089 /* Section 2 Draw the badge background.swift */; };
		00B3FCEE2C6DA1CC00F92FC4 /* Swift_UI_1App.swift in Sources */ = {isa = PBXBuildFile; fileRef = 00B3FCED2C6DA1CC00F92FC4 /* Swift_UI_1App.swift */; };
		00B3FCF02C6DA1CC00F92FC4 /* ContentView.swift in Sources */ = {isa = PBXBuildFile; fileRef = 00B3FCEF2C6DA1CC00F92FC4 /* ContentView.swift */; };
		00B3FCF52C6DA1CD00F92FC4 /* Preview Assets.xcassets in Resources */ = {isa = PBXBuildFile; fileRef = 00B3FCF42C6DA1CD00F92FC4 /* Preview Assets.xcassets */; };
		00B3FD002C6DA77D00F92FC4 /* Section 4.swift in Sources */ = {isa = PBXBuildFile; fileRef = 00B3FCFF2C6DA77D00F92FC4 /* Section 4.swift */; };
		00B3FD042C6DA92A00F92FC4 /* Section 5.swift in Sources */ = {isa = PBXBuildFile; fileRef = 00B3FD032C6DA92A00F92FC4 /* Section 5.swift */; };
		00B3FD062C6DAACA00F92FC4 /* Section 6.swift in Sources */ = {isa = PBXBuildFile; fileRef = 00B3FD052C6DAACA00F92FC4 /* Section 6.swift */; };
		00B3FD092C6DAD3800F92FC4 /* MapView.swift in Sources */ = {isa = PBXBuildFile; fileRef = 00B3FD082C6DAD3800F92FC4 /* MapView.swift */; };
		00B3FD0B2C6DAD9400F92FC4 /* CircleImage.swift in Sources */ = {isa = PBXBuildFile; fileRef = 00B3FD0A2C6DAD9400F92FC4 /* CircleImage.swift */; };
		00C0D91A2CD9C0FA004F148D /* Section7.swift in Sources */ = {isa = PBXBuildFile; fileRef = 00C0D9192CD9C0FA004F148D /* Section7.swift */; };
		00C69A442C6EF67500E64B97 /* Section 1 learn 2.swift in Sources */ = {isa = PBXBuildFile; fileRef = 00C69A432C6EF67500E64B97 /* Section 1 learn 2.swift */; };
		00C69A462C6EF6EF00E64B97 /* Landmark.swift in Sources */ = {isa = PBXBuildFile; fileRef = 00C69A452C6EF6EF00E64B97 /* Landmark.swift */; };
		00C69A482C6EF73E00E64B97 /* ModelData.swift in Sources */ = {isa = PBXBuildFile; fileRef = 00C69A472C6EF73E00E64B97 /* ModelData.swift */; };
		00C69A4A2C6EF79D00E64B97 /* LandmarkRow.swift in Sources */ = {isa = PBXBuildFile; fileRef = 00C69A492C6EF79D00E64B97 /* LandmarkRow.swift */; };
		00C69A4D2C6EFE1700E64B97 /* landmarkData.json in Resources */ = {isa = PBXBuildFile; fileRef = 00C69A4C2C6EFE1700E64B97 /* landmarkData.json */; };
		8C270CB04E506D044E0477B3 /* Pods_Swift_UI_1.framework in Frameworks */ = {isa = PBXBuildFile; fileRef = 731FFD30B7FD28CFC474ABEF /* Pods_Swift_UI_1.framework */; };
/* End PBXBuildFile section */

/* Begin PBXFileReference section */
		001BCB762E45DCCA00CDF089 /* Section 1_Create drawing .swift */ = {isa = PBXFileReference; lastKnownFileType = sourcecode.swift; path = "Section 1_Create drawing .swift"; sourceTree = "<group>"; };
		001BCB782E45DD0C00CDF089 /* HexagonParameters.swift */ = {isa = PBXFileReference; lastKnownFileType = sourcecode.swift; path = HexagonParameters.swift; sourceTree = "<group>"; };
		001BCB812E45E02200CDF089 /* DetailView.swift */ = {isa = PBXFileReference; fileEncoding = 4; lastKnownFileType = sourcecode.swift; path = DetailView.swift; sourceTree = "<group>"; };
		001BCB832E45E02200CDF089 /* HomeToolView.swift */ = {isa = PBXFileReference; fileEncoding = 4; lastKnownFileType = sourcecode.swift; path = HomeToolView.swift; sourceTree = "<group>"; };
		001BCB852E45E02200CDF089 /* SearchView.swift */ = {isa = PBXFileReference; fileEncoding = 4; lastKnownFileType = sourcecode.swift; path = SearchView.swift; sourceTree = "<group>"; };
		001BCB862E45E02200CDF089 /* Bird.swift */ = {isa = PBXFileReference; fileEncoding = 4; lastKnownFileType = sourcecode.swift; path = Bird.swift; sourceTree = "<group>"; };
		001BCB872E45E02200CDF089 /* HomeSliderView.swift */ = {isa = PBXFileReference; fileEncoding = 4; lastKnownFileType = sourcecode.swift; path = HomeSliderView.swift; sourceTree = "<group>"; };
		001BCB882E45E02200CDF089 /* ListBird.json */ = {isa = PBXFileReference; fileEncoding = 4; lastKnownFileType = text.json; path = ListBird.json; sourceTree = "<group>"; };
		001BCB8B2E45E02200CDF089 /* HomeBannerView.swift */ = {isa = PBXFileReference; fileEncoding = 4; lastKnownFileType = sourcecode.swift; path = HomeBannerView.swift; sourceTree = "<group>"; };
		001BCB8D2E45E02200CDF089 /* Extension+Color.swift */ = {isa = PBXFileReference; fileEncoding = 4; lastKnownFileType = sourcecode.swift; path = "Extension+Color.swift"; sourceTree = "<group>"; };
		001BCB9A2E45E0CD00CDF089 /* TabbarView.swift */ = {isa = PBXFileReference; fileEncoding = 4; lastKnownFileType = sourcecode.swift; path = TabbarView.swift; sourceTree = "<group>"; };
		001BCB9D2E45E33400CDF089 /* Bundle-Extensions.swift */ = {isa = PBXFileReference; fileEncoding = 4; lastKnownFileType = sourcecode.swift; path = "Bundle-Extensions.swift"; sourceTree = "<group>"; };
		001BCB9E2E45E33400CDF089 /* DateHelper.swift */ = {isa = PBXFileReference; fileEncoding = 4; lastKnownFileType = sourcecode.swift; path = DateHelper.swift; sourceTree = "<group>"; };
		001BCB9F2E45E33400CDF089 /* FileManager-Extensions.swift */ = {isa = PBXFileReference; fileEncoding = 4; lastKnownFileType = sourcecode.swift; path = "FileManager-Extensions.swift"; sourceTree = "<group>"; };
		001BCBA02E45E33400CDF089 /* NSObject+Ext.swift */ = {isa = PBXFileReference; fileEncoding = 4; lastKnownFileType = sourcecode.swift; path = "NSObject+Ext.swift"; sourceTree = "<group>"; };
		001BCBA12E45E33400CDF089 /* UIDevice+Ext.swift */ = {isa = PBXFileReference; fileEncoding = 4; lastKnownFileType = sourcecode.swift; path = "UIDevice+Ext.swift"; sourceTree = "<group>"; };
		001BCBA92E45E80B00CDF089 /* Section 3_Draw the badge symbol .swift */ = {isa = PBXFileReference; lastKnownFileType = sourcecode.swift; path = "Section 3_Draw the badge symbol .swift"; sourceTree = "<group>"; };
		001BCBAB2E45E87F00CDF089 /* RotatedBadgeSymbol.swift */ = {isa = PBXFileReference; lastKnownFileType = sourcecode.swift; path = RotatedBadgeSymbol.swift; sourceTree = "<group>"; };
		001BCBAE2E45E8D200CDF089 /* Section 4 Combine the badge foreground and background.swift */ = {isa = PBXFileReference; lastKnownFileType = sourcecode.swift; path = "Section 4 Combine the badge foreground and background.swift"; sourceTree = "<group>"; };
		001BCBB12E45E97E00CDF089 /* Section 2 Draw the badge background.swift */ = {isa = PBXFileReference; lastKnownFileType = sourcecode.swift; path = "Section 2 Draw the badge background.swift"; sourceTree = "<group>"; };
		00B3FCEA2C6DA1CC00F92FC4 /* Swift_UI_1.app */ = {isa = PBXFileReference; explicitFileType = wrapper.application; includeInIndex = 0; path = Swift_UI_1.app; sourceTree = BUILT_PRODUCTS_DIR; };
		00B3FCED2C6DA1CC00F92FC4 /* Swift_UI_1App.swift */ = {isa = PBXFileReference; lastKnownFileType = sourcecode.swift; path = Swift_UI_1App.swift; sourceTree = "<group>"; };
		00B3FCEF2C6DA1CC00F92FC4 /* ContentView.swift */ = {isa = PBXFileReference; lastKnownFileType = sourcecode.swift; path = ContentView.swift; sourceTree = "<group>"; };
		00B3FCF42C6DA1CD00F92FC4 /* Preview Assets.xcassets */ = {isa = PBXFileReference; lastKnownFileType = folder.assetcatalog; path = "Preview Assets.xcassets"; sourceTree = "<group>"; };
		00B3FCFF2C6DA77D00F92FC4 /* Section 4.swift */ = {isa = PBXFileReference; lastKnownFileType = sourcecode.swift; path = "Section 4.swift"; sourceTree = "<group>"; };
		00B3FD032C6DA92A00F92FC4 /* Section 5.swift */ = {isa = PBXFileReference; lastKnownFileType = sourcecode.swift; path = "Section 5.swift"; sourceTree = "<group>"; };
		00B3FD052C6DAACA00F92FC4 /* Section 6.swift */ = {isa = PBXFileReference; lastKnownFileType = sourcecode.swift; path = "Section 6.swift"; sourceTree = "<group>"; };
		00B3FD082C6DAD3800F92FC4 /* MapView.swift */ = {isa = PBXFileReference; lastKnownFileType = sourcecode.swift; path = MapView.swift; sourceTree = "<group>"; };
		00B3FD0A2C6DAD9400F92FC4 /* CircleImage.swift */ = {isa = PBXFileReference; lastKnownFileType = sourcecode.swift; path = CircleImage.swift; sourceTree = "<group>"; };
		00C0D9192CD9C0FA004F148D /* Section7.swift */ = {isa = PBXFileReference; lastKnownFileType = sourcecode.swift; path = Section7.swift; sourceTree = "<group>"; };
		00C69A432C6EF67500E64B97 /* Section 1 learn 2.swift */ = {isa = PBXFileReference; lastKnownFileType = sourcecode.swift; path = "Section 1 learn 2.swift"; sourceTree = "<group>"; };
		00C69A452C6EF6EF00E64B97 /* Landmark.swift */ = {isa = PBXFileReference; lastKnownFileType = sourcecode.swift; path = Landmark.swift; sourceTree = "<group>"; };
		00C69A472C6EF73E00E64B97 /* ModelData.swift */ = {isa = PBXFileReference; lastKnownFileType = sourcecode.swift; path = ModelData.swift; sourceTree = "<group>"; };
		00C69A492C6EF79D00E64B97 /* LandmarkRow.swift */ = {isa = PBXFileReference; lastKnownFileType = sourcecode.swift; path = LandmarkRow.swift; sourceTree = "<group>"; };
		00C69A4C2C6EFE1700E64B97 /* landmarkData.json */ = {isa = PBXFileReference; fileEncoding = 4; lastKnownFileType = text.json; path = landmarkData.json; sourceTree = "<group>"; };
		1116CF33B6FCF656ACC53DE2 /* Pods-Swift_UI_1.release.xcconfig */ = {isa = PBXFileReference; includeInIndex = 1; lastKnownFileType = text.xcconfig; name = "Pods-Swift_UI_1.release.xcconfig"; path = "Target Support Files/Pods-Swift_UI_1/Pods-Swift_UI_1.release.xcconfig"; sourceTree = "<group>"; };
		731FFD30B7FD28CFC474ABEF /* Pods_Swift_UI_1.framework */ = {isa = PBXFileReference; explicitFileType = wrapper.framework; includeInIndex = 0; path = Pods_Swift_UI_1.framework; sourceTree = BUILT_PRODUCTS_DIR; };
		9AFC77CFBB4007C68E63E803 /* Pods-Swift_UI_1.debug.xcconfig */ = {isa = PBXFileReference; includeInIndex = 1; lastKnownFileType = text.xcconfig; name = "Pods-Swift_UI_1.debug.xcconfig"; path = "Target Support Files/Pods-Swift_UI_1/Pods-Swift_UI_1.debug.xcconfig"; sourceTree = "<group>"; };
/* End PBXFileReference section */

/* Begin PBXFrameworksBuildPhase section */
		00B3FCE72C6DA1CC00F92FC4 /* Frameworks */ = {
			isa = PBXFrameworksBuildPhase;
			buildActionMask = 2147483647;
			files = (
				8C270CB04E506D044E0477B3 /* Pods_Swift_UI_1.framework in Frameworks */,
			);
			runOnlyForDeploymentPostprocessing = 0;
		};
/* End PBXFrameworksBuildPhase section */

/* Begin PBXGroup section */
		001BCB702E45DC0100CDF089 /* Drawing paths and shapes  */ = {
			isa = PBXGroup;
			children = (
				001BCBB02E45E97A00CDF089 /* Section 2 Draw the badge background */,
				001BCBAD2E45E8CB00CDF089 /* Section 4 Combine the badge foreground and background */,
				001BCBA82E45E68C00CDF089 /* Section 3_Draw the badge symbol  */,
				001BCB712E45DC1400CDF089 /* Section 1_Create drawing  */,
			);
			path = "Drawing paths and shapes ";
			sourceTree = "<group>";
		};
		001BCB712E45DC1400CDF089 /* Section 1_Create drawing  */ = {
			isa = PBXGroup;
			children = (
				001BCB762E45DCCA00CDF089 /* Section 1_Create drawing .swift */,
				001BCB782E45DD0C00CDF089 /* HexagonParameters.swift */,
			);
			path = "Section 1_Create drawing ";
			sourceTree = "<group>";
		};
		001BCB822E45E02200CDF089 /* DetaillVC */ = {
			isa = PBXGroup;
			children = (
				001BCB812E45E02200CDF089 /* DetailView.swift */,
			);
			path = DetaillVC;
			sourceTree = "<group>";
		};
		001BCB842E45E02200CDF089 /* HomeToolView */ = {
			isa = PBXGroup;
			children = (
				001BCB832E45E02200CDF089 /* HomeToolView.swift */,
			);
			path = HomeToolView;
			sourceTree = "<group>";
		};
		001BCB892E45E02200CDF089 /* HomeSliderView */ = {
			isa = PBXGroup;
			children = (
				001BCB862E45E02200CDF089 /* Bird.swift */,
				001BCB872E45E02200CDF089 /* HomeSliderView.swift */,
				001BCB882E45E02200CDF089 /* ListBird.json */,
			);
			path = HomeSliderView;
			sourceTree = "<group>";
		};
		001BCB8E2E45E02200CDF089 /* Extension */ = {
			isa = PBXGroup;
			children = (
				001BCB8D2E45E02200CDF089 /* Extension+Color.swift */,
			);
			path = Extension;
			sourceTree = "<group>";
		};
		001BCB9B2E45E0CD00CDF089 /* TabbarView */ = {
			isa = PBXGroup;
			children = (
				001BCB9A2E45E0CD00CDF089 /* TabbarView.swift */,
			);
			path = TabbarView;
			sourceTree = "<group>";
		};
		001BCBA22E45E33400CDF089 /* Common */ = {
			isa = PBXGroup;
			children = (
				001BCB9D2E45E33400CDF089 /* Bundle-Extensions.swift */,
				001BCB9E2E45E33400CDF089 /* DateHelper.swift */,
				001BCB9F2E45E33400CDF089 /* FileManager-Extensions.swift */,
				001BCBA02E45E33400CDF089 /* NSObject+Ext.swift */,
				001BCBA12E45E33400CDF089 /* UIDevice+Ext.swift */,
			);
			path = Common;
			sourceTree = "<group>";
		};
		001BCBA82E45E68C00CDF089 /* Section 3_Draw the badge symbol  */ = {
			isa = PBXGroup;
			children = (
				001BCBA92E45E80B00CDF089 /* Section 3_Draw the badge symbol .swift */,
				001BCBAB2E45E87F00CDF089 /* RotatedBadgeSymbol.swift */,
			);
			path = "Section 3_Draw the badge symbol ";
			sourceTree = "<group>";
		};
		001BCBAD2E45E8CB00CDF089 /* Section 4 Combine the badge foreground and background */ = {
			isa = PBXGroup;
			children = (
				001BCBAE2E45E8D200CDF089 /* Section 4 Combine the badge foreground and background.swift */,
			);
			path = "Section 4 Combine the badge foreground and background";
			sourceTree = "<group>";
		};
		001BCBB02E45E97A00CDF089 /* Section 2 Draw the badge background */ = {
			isa = PBXGroup;
			children = (
				001BCBB12E45E97E00CDF089 /* Section 2 Draw the badge background.swift */,
			);
			path = "Section 2 Draw the badge background";
			sourceTree = "<group>";
		};
		007D5A3E2E431DB3000C1ECE /* BirdSongUI */ = {
			isa = PBXGroup;
			children = (
				001BCBA22E45E33400CDF089 /* Common */,
				001BCB9B2E45E0CD00CDF089 /* TabbarView */,
				001BCB822E45E02200CDF089 /* DetaillVC */,
				001BCB8E2E45E02200CDF089 /* Extension */,
				001BCB8B2E45E02200CDF089 /* HomeBannerView.swift */,
				001BCB892E45E02200CDF089 /* HomeSliderView */,
				001BCB842E45E02200CDF089 /* HomeToolView */,
				001BCB852E45E02200CDF089 /* SearchView.swift */,
			);
			path = BirdSongUI;
			sourceTree = "<group>";
		};
		00B3FCE12C6DA1CB00F92FC4 = {
			isa = PBXGroup;
			children = (
				00B3FCEC2C6DA1CC00F92FC4 /* Swift_UI_1 */,
				00B3FCEB2C6DA1CC00F92FC4 /* Products */,
				46E1FC38FF032F4E116A81DF /* Pods */,
				62982AE39105B5175BE6FB90 /* Frameworks */,
			);
			sourceTree = "<group>";
		};
		00B3FCEB2C6DA1CC00F92FC4 /* Products */ = {
			isa = PBXGroup;
			children = (
				00B3FCEA2C6DA1CC00F92FC4 /* Swift_UI_1.app */,
			);
			name = Products;
			sourceTree = "<group>";
		};
		00B3FCEC2C6DA1CC00F92FC4 /* Swift_UI_1 */ = {
			isa = PBXGroup;
			children = (
				00B3FCED2C6DA1CC00F92FC4 /* Swift_UI_1App.swift */,
				00B3FCEF2C6DA1CC00F92FC4 /* ContentView.swift */,
				00B3FCFF2C6DA77D00F92FC4 /* Section 4.swift */,
				00B3FD032C6DA92A00F92FC4 /* Section 5.swift */,
				00B3FD072C6DAD2A00F92FC4 /* Section6 */,
				00C0D9182CD9C045004F148D /* Section7 */,
				00C69A412C6EF63F00E64B97 /* Building lists and navigation  */,
				001BCB702E45DC0100CDF089 /* Drawing paths and shapes  */,
				007D5A3E2E431DB3000C1ECE /* BirdSongUI */,
				00B3FCF32C6DA1CD00F92FC4 /* Preview Content */,
			);
			path = Swift_UI_1;
			sourceTree = "<group>";
		};
		00B3FCF32C6DA1CD00F92FC4 /* Preview Content */ = {
			isa = PBXGroup;
			children = (
				00B3FCF42C6DA1CD00F92FC4 /* Preview Assets.xcassets */,
			);
			path = "Preview Content";
			sourceTree = "<group>";
		};
		00B3FD072C6DAD2A00F92FC4 /* Section6 */ = {
			isa = PBXGroup;
			children = (
				00B3FD052C6DAACA00F92FC4 /* Section 6.swift */,
				00B3FD082C6DAD3800F92FC4 /* MapView.swift */,
				00B3FD0A2C6DAD9400F92FC4 /* CircleImage.swift */,
			);
			path = Section6;
			sourceTree = "<group>";
		};
		00C0D9182CD9C045004F148D /* Section7 */ = {
			isa = PBXGroup;
			children = (
				00C0D9192CD9C0FA004F148D /* Section7.swift */,
			);
			path = Section7;
			sourceTree = "<group>";
		};
		00C69A412C6EF63F00E64B97 /* Building lists and navigation  */ = {
			isa = PBXGroup;
			children = (
				00C69A422C6EF64900E64B97 /* Section 1 learn 2 */,
			);
			path = "Building lists and navigation ";
			sourceTree = "<group>";
		};
		00C69A422C6EF64900E64B97 /* Section 1 learn 2 */ = {
			isa = PBXGroup;
			children = (
				00C69A4C2C6EFE1700E64B97 /* landmarkData.json */,
				00C69A432C6EF67500E64B97 /* Section 1 learn 2.swift */,
				00C69A452C6EF6EF00E64B97 /* Landmark.swift */,
				00C69A472C6EF73E00E64B97 /* ModelData.swift */,
				00C69A492C6EF79D00E64B97 /* LandmarkRow.swift */,
			);
			path = "Section 1 learn 2";
			sourceTree = "<group>";
		};
		46E1FC38FF032F4E116A81DF /* Pods */ = {
			isa = PBXGroup;
			children = (
				9AFC77CFBB4007C68E63E803 /* Pods-Swift_UI_1.debug.xcconfig */,
				1116CF33B6FCF656ACC53DE2 /* Pods-Swift_UI_1.release.xcconfig */,
			);
			path = Pods;
			sourceTree = "<group>";
		};
		62982AE39105B5175BE6FB90 /* Frameworks */ = {
			isa = PBXGroup;
			children = (
				731FFD30B7FD28CFC474ABEF /* Pods_Swift_UI_1.framework */,
			);
			name = Frameworks;
			sourceTree = "<group>";
		};
/* End PBXGroup section */

/* Begin PBXNativeTarget section */
		00B3FCE92C6DA1CC00F92FC4 /* Swift_UI_1 */ = {
			isa = PBXNativeTarget;
			buildConfigurationList = 00B3FCF82C6DA1CD00F92FC4 /* Build configuration list for PBXNativeTarget "Swift_UI_1" */;
			buildPhases = (
				6E86A087B9182715F889BA0A /* [CP] Check Pods Manifest.lock */,
				00B3FCE62C6DA1CC00F92FC4 /* Sources */,
				00B3FCE72C6DA1CC00F92FC4 /* Frameworks */,
				00B3FCE82C6DA1CC00F92FC4 /* Resources */,
				02EC3053BB19E58BCB2E40CB /* [CP] Embed Pods Frameworks */,
			);
			buildRules = (
			);
			dependencies = (
			);
			name = Swift_UI_1;
			productName = Swift_UI_1;
			productReference = 00B3FCEA2C6DA1CC00F92FC4 /* Swift_UI_1.app */;
			productType = "com.apple.product-type.application";
		};
/* End PBXNativeTarget section */

/* Begin PBXProject section */
		00B3FCE22C6DA1CB00F92FC4 /* Project object */ = {
			isa = PBXProject;
			attributes = {
				BuildIndependentTargetsInParallel = 1;
				LastSwiftUpdateCheck = 1540;
				LastUpgradeCheck = 1540;
				TargetAttributes = {
					00B3FCE92C6DA1CC00F92FC4 = {
						CreatedOnToolsVersion = 15.4;
					};
				};
			};
			buildConfigurationList = 00B3FCE52C6DA1CB00F92FC4 /* Build configuration list for PBXProject "Swift_UI_1" */;
			compatibilityVersion = "Xcode 14.0";
			developmentRegion = en;
			hasScannedForEncodings = 0;
			knownRegions = (
				en,
				Base,
			);
			mainGroup = 00B3FCE12C6DA1CB00F92FC4;
			productRefGroup = 00B3FCEB2C6DA1CC00F92FC4 /* Products */;
			projectDirPath = "";
			projectRoot = "";
			targets = (
				00B3FCE92C6DA1CC00F92FC4 /* Swift_UI_1 */,
			);
		};
/* End PBXProject section */

/* Begin PBXResourcesBuildPhase section */
		00B3FCE82C6DA1CC00F92FC4 /* Resources */ = {
			isa = PBXResourcesBuildPhase;
			buildActionMask = 2147483647;
			files = (
				00B3FCF52C6DA1CD00F92FC4 /* Preview Assets.xcassets in Resources */,
				001BCB952E45E02200CDF089 /* ListBird.json in Resources */,
				00C69A4D2C6EFE1700E64B97 /* landmarkData.json in Resources */,
			);
			runOnlyForDeploymentPostprocessing = 0;
		};
/* End PBXResourcesBuildPhase section */

/* Begin PBXShellScriptBuildPhase section */
		02EC3053BB19E58BCB2E40CB /* [CP] Embed Pods Frameworks */ = {
			isa = PBXShellScriptBuildPhase;
			buildActionMask = 2147483647;
			files = (
			);
			inputFileListPaths = (
				"${PODS_ROOT}/Target Support Files/Pods-Swift_UI_1/Pods-Swift_UI_1-frameworks-${CONFIGURATION}-input-files.xcfilelist",
			);
			name = "[CP] Embed Pods Frameworks";
			outputFileListPaths = (
				"${PODS_ROOT}/Target Support Files/Pods-Swift_UI_1/Pods-Swift_UI_1-frameworks-${CONFIGURATION}-output-files.xcfilelist",
			);
			runOnlyForDeploymentPostprocessing = 0;
			shellPath = /bin/sh;
			shellScript = "\"${PODS_ROOT}/Target Support Files/Pods-Swift_UI_1/Pods-Swift_UI_1-frameworks.sh\"\n";
			showEnvVarsInLog = 0;
		};
		6E86A087B9182715F889BA0A /* [CP] Check Pods Manifest.lock */ = {
			isa = PBXShellScriptBuildPhase;
			buildActionMask = 2147483647;
			files = (
			);
			inputFileListPaths = (
			);
			inputPaths = (
				"${PODS_PODFILE_DIR_PATH}/Podfile.lock",
				"${PODS_ROOT}/Manifest.lock",
			);
			name = "[CP] Check Pods Manifest.lock";
			outputFileListPaths = (
			);
			outputPaths = (
				"$(DERIVED_FILE_DIR)/Pods-Swift_UI_1-checkManifestLockResult.txt",
			);
			runOnlyForDeploymentPostprocessing = 0;
			shellPath = /bin/sh;
			shellScript = "diff \"${PODS_PODFILE_DIR_PATH}/Podfile.lock\" \"${PODS_ROOT}/Manifest.lock\" > /dev/null\nif [ $? != 0 ] ; then\n    # print error to STDERR\n    echo \"error: The sandbox is not in sync with the Podfile.lock. Run 'pod install' or update your CocoaPods installation.\" >&2\n    exit 1\nfi\n# This output is used by Xcode 'outputs' to avoid re-running this script phase.\necho \"SUCCESS\" > \"${SCRIPT_OUTPUT_FILE_0}\"\n";
			showEnvVarsInLog = 0;
		};
/* End PBXShellScriptBuildPhase section */

/* Begin PBXSourcesBuildPhase section */
		00B3FCE62C6DA1CC00F92FC4 /* Sources */ = {
			isa = PBXSourcesBuildPhase;
			buildActionMask = 2147483647;
			files = (
				001BCBAC2E45E87F00CDF089 /* RotatedBadgeSymbol.swift in Sources */,
				001BCB772E45DCCA00CDF089 /* Section 1_Create drawing .swift in Sources */,
				001BCB922E45E02200CDF089 /* SearchView.swift in Sources */,
				001BCB902E45E02200CDF089 /* DetailView.swift in Sources */,
				00B3FD042C6DA92A00F92FC4 /* Section 5.swift in Sources */,
				001BCBAA2E45E80B00CDF089 /* Section 3_Draw the badge symbol .swift in Sources */,
				001BCBA32E45E33400CDF089 /* Bundle-Extensions.swift in Sources */,
				001BCB992E45E02200CDF089 /* Extension+Color.swift in Sources */,
				001BCB942E45E02200CDF089 /* HomeSliderView.swift in Sources */,
				001BCB932E45E02200CDF089 /* Bird.swift in Sources */,
				001BCB792E45DD0C00CDF089 /* HexagonParameters.swift in Sources */,
				00B3FD092C6DAD3800F92FC4 /* MapView.swift in Sources */,
				00C0D91A2CD9C0FA004F148D /* Section7.swift in Sources */,
				00B3FD002C6DA77D00F92FC4 /* Section 4.swift in Sources */,
				00B3FD0B2C6DAD9400F92FC4 /* CircleImage.swift in Sources */,
				001BCB972E45E02200CDF089 /* HomeBannerView.swift in Sources */,
				00C69A442C6EF67500E64B97 /* Section 1 learn 2.swift in Sources */,
				00C69A462C6EF6EF00E64B97 /* Landmark.swift in Sources */,
				00B3FCF02C6DA1CC00F92FC4 /* ContentView.swift in Sources */,
				001BCB9C2E45E0CD00CDF089 /* TabbarView.swift in Sources */,
				001BCB912E45E02200CDF089 /* HomeToolView.swift in Sources */,
				001BCBA42E45E33400CDF089 /* DateHelper.swift in Sources */,
				00C69A482C6EF73E00E64B97 /* ModelData.swift in Sources */,
				001BCBA52E45E33400CDF089 /* FileManager-Extensions.swift in Sources */,
				00C69A4A2C6EF79D00E64B97 /* LandmarkRow.swift in Sources */,
				001BCBA62E45E33400CDF089 /* NSObject+Ext.swift in Sources */,
				001BCBB22E45E97E00CDF089 /* Section 2 Draw the badge background.swift in Sources */,
				00B3FCEE2C6DA1CC00F92FC4 /* Swift_UI_1App.swift in Sources */,
				00B3FD062C6DAACA00F92FC4 /* Section 6.swift in Sources */,
				001BCBAF2E45E8D200CDF089 /* Section 4 Combine the badge foreground and background.swift in Sources */,
				001BCBA72E45E33400CDF089 /* UIDevice+Ext.swift in Sources */,
			);
			runOnlyForDeploymentPostprocessing = 0;
		};
/* End PBXSourcesBuildPhase section */

/* Begin XCBuildConfiguration section */
		00B3FCF62C6DA1CD00F92FC4 /* Debug */ = {
			isa = XCBuildConfiguration;
			buildSettings = {
				ALWAYS_SEARCH_USER_PATHS = NO;
				ASSETCATALOG_COMPILER_GENERATE_SWIFT_ASSET_SYMBOL_EXTENSIONS = YES;
				CLANG_ANALYZER_NONNULL = YES;
				CLANG_ANALYZER_NUMBER_OBJECT_CONVERSION = YES_AGGRESSIVE;
				CLANG_CXX_LANGUAGE_STANDARD = "gnu++20";
				CLANG_ENABLE_MODULES = YES;
				CLANG_ENABLE_OBJC_ARC = YES;
				CLANG_ENABLE_OBJC_WEAK = YES;
				CLANG_WARN_BLOCK_CAPTURE_AUTORELEASING = YES;
				CLANG_WARN_BOOL_CONVERSION = YES;
				CLANG_WARN_COMMA = YES;
				CLANG_WARN_CONSTANT_CONVERSION = YES;
				CLANG_WARN_DEPRECATED_OBJC_IMPLEMENTATIONS = YES;
				CLANG_WARN_DIRECT_OBJC_ISA_USAGE = YES_ERROR;
				CLANG_WARN_DOCUMENTATION_COMMENTS = YES;
				CLANG_WARN_EMPTY_BODY = YES;
				CLANG_WARN_ENUM_CONVERSION = YES;
				CLANG_WARN_INFINITE_RECURSION = YES;
				CLANG_WARN_INT_CONVERSION = YES;
				CLANG_WARN_NON_LITERAL_NULL_CONVERSION = YES;
				CLANG_WARN_OBJC_IMPLICIT_RETAIN_SELF = YES;
				CLANG_WARN_OBJC_LITERAL_CONVERSION = YES;
				CLANG_WARN_OBJC_ROOT_CLASS = YES_ERROR;
				CLANG_WARN_QUOTED_INCLUDE_IN_FRAMEWORK_HEADER = YES;
				CLANG_WARN_RANGE_LOOP_ANALYSIS = YES;
				CLANG_WARN_STRICT_PROTOTYPES = YES;
				CLANG_WARN_SUSPICIOUS_MOVE = YES;
				CLANG_WARN_UNGUARDED_AVAILABILITY = YES_AGGRESSIVE;
				CLANG_WARN_UNREACHABLE_CODE = YES;
				CLANG_WARN__DUPLICATE_METHOD_MATCH = YES;
				COPY_PHASE_STRIP = NO;
				DEBUG_INFORMATION_FORMAT = dwarf;
				ENABLE_STRICT_OBJC_MSGSEND = YES;
				ENABLE_TESTABILITY = YES;
				ENABLE_USER_SCRIPT_SANDBOXING = YES;
				GCC_C_LANGUAGE_STANDARD = gnu17;
				GCC_DYNAMIC_NO_PIC = NO;
				GCC_NO_COMMON_BLOCKS = YES;
				GCC_OPTIMIZATION_LEVEL = 0;
				GCC_PREPROCESSOR_DEFINITIONS = (
					"DEBUG=1",
					"$(inherited)",
				);
				GCC_WARN_64_TO_32_BIT_CONVERSION = YES;
				GCC_WARN_ABOUT_RETURN_TYPE = YES_ERROR;
				GCC_WARN_UNDECLARED_SELECTOR = YES;
				GCC_WARN_UNINITIALIZED_AUTOS = YES_AGGRESSIVE;
				GCC_WARN_UNUSED_FUNCTION = YES;
				GCC_WARN_UNUSED_VARIABLE = YES;
				IPHONEOS_DEPLOYMENT_TARGET = 17.5;
				LOCALIZATION_PREFERS_STRING_CATALOGS = YES;
				MTL_ENABLE_DEBUG_INFO = INCLUDE_SOURCE;
				MTL_FAST_MATH = YES;
				ONLY_ACTIVE_ARCH = YES;
				SDKROOT = iphoneos;
				SWIFT_ACTIVE_COMPILATION_CONDITIONS = "DEBUG $(inherited)";
				SWIFT_OPTIMIZATION_LEVEL = "-Onone";
			};
			name = Debug;
		};
		00B3FCF72C6DA1CD00F92FC4 /* Release */ = {
			isa = XCBuildConfiguration;
			buildSettings = {
				ALWAYS_SEARCH_USER_PATHS = NO;
				ASSETCATALOG_COMPILER_GENERATE_SWIFT_ASSET_SYMBOL_EXTENSIONS = YES;
				CLANG_ANALYZER_NONNULL = YES;
				CLANG_ANALYZER_NUMBER_OBJECT_CONVERSION = YES_AGGRESSIVE;
				CLANG_CXX_LANGUAGE_STANDARD = "gnu++20";
				CLANG_ENABLE_MODULES = YES;
				CLANG_ENABLE_OBJC_ARC = YES;
				CLANG_ENABLE_OBJC_WEAK = YES;
				CLANG_WARN_BLOCK_CAPTURE_AUTORELEASING = YES;
				CLANG_WARN_BOOL_CONVERSION = YES;
				CLANG_WARN_COMMA = YES;
				CLANG_WARN_CONSTANT_CONVERSION = YES;
				CLANG_WARN_DEPRECATED_OBJC_IMPLEMENTATIONS = YES;
				CLANG_WARN_DIRECT_OBJC_ISA_USAGE = YES_ERROR;
				CLANG_WARN_DOCUMENTATION_COMMENTS = YES;
				CLANG_WARN_EMPTY_BODY = YES;
				CLANG_WARN_ENUM_CONVERSION = YES;
				CLANG_WARN_INFINITE_RECURSION = YES;
				CLANG_WARN_INT_CONVERSION = YES;
				CLANG_WARN_NON_LITERAL_NULL_CONVERSION = YES;
				CLANG_WARN_OBJC_IMPLICIT_RETAIN_SELF = YES;
				CLANG_WARN_OBJC_LITERAL_CONVERSION = YES;
				CLANG_WARN_OBJC_ROOT_CLASS = YES_ERROR;
				CLANG_WARN_QUOTED_INCLUDE_IN_FRAMEWORK_HEADER = YES;
				CLANG_WARN_RANGE_LOOP_ANALYSIS = YES;
				CLANG_WARN_STRICT_PROTOTYPES = YES;
				CLANG_WARN_SUSPICIOUS_MOVE = YES;
				CLANG_WARN_UNGUARDED_AVAILABILITY = YES_AGGRESSIVE;
				CLANG_WARN_UNREACHABLE_CODE = YES;
				CLANG_WARN__DUPLICATE_METHOD_MATCH = YES;
				COPY_PHASE_STRIP = NO;
				DEBUG_INFORMATION_FORMAT = "dwarf-with-dsym";
				ENABLE_NS_ASSERTIONS = NO;
				ENABLE_STRICT_OBJC_MSGSEND = YES;
				ENABLE_USER_SCRIPT_SANDBOXING = YES;
				GCC_C_LANGUAGE_STANDARD = gnu17;
				GCC_NO_COMMON_BLOCKS = YES;
				GCC_WARN_64_TO_32_BIT_CONVERSION = YES;
				GCC_WARN_ABOUT_RETURN_TYPE = YES_ERROR;
				GCC_WARN_UNDECLARED_SELECTOR = YES;
				GCC_WARN_UNINITIALIZED_AUTOS = YES_AGGRESSIVE;
				GCC_WARN_UNUSED_FUNCTION = YES;
				GCC_WARN_UNUSED_VARIABLE = YES;
				IPHONEOS_DEPLOYMENT_TARGET = 17.5;
				LOCALIZATION_PREFERS_STRING_CATALOGS = YES;
				MTL_ENABLE_DEBUG_INFO = NO;
				MTL_FAST_MATH = YES;
				SDKROOT = iphoneos;
				SWIFT_COMPILATION_MODE = wholemodule;
				VALIDATE_PRODUCT = YES;
			};
			name = Release;
		};
		00B3FCF92C6DA1CD00F92FC4 /* Debug */ = {
			isa = XCBuildConfiguration;
			baseConfigurationReference = 9AFC77CFBB4007C68E63E803 /* Pods-Swift_UI_1.debug.xcconfig */;
			buildSettings = {
				ASSETCATALOG_COMPILER_APPICON_NAME = AppIcon;
				ASSETCATALOG_COMPILER_GLOBAL_ACCENT_COLOR_NAME = AccentColor;
				CODE_SIGN_STYLE = Automatic;
				CURRENT_PROJECT_VERSION = 1;
				DEVELOPMENT_ASSET_PATHS = "\"Swift_UI_1/Preview Content\"";
				ENABLE_PREVIEWS = YES;
				GENERATE_INFOPLIST_FILE = YES;
				INFOPLIST_KEY_UIApplicationSceneManifest_Generation = YES;
				INFOPLIST_KEY_UIApplicationSupportsIndirectInputEvents = YES;
				INFOPLIST_KEY_UILaunchScreen_Generation = YES;
				INFOPLIST_KEY_UISupportedInterfaceOrientations_iPad = "UIInterfaceOrientationPortrait UIInterfaceOrientationPortraitUpsideDown UIInterfaceOrientationLandscapeLeft UIInterfaceOrientationLandscapeRight";
				INFOPLIST_KEY_UISupportedInterfaceOrientations_iPhone = "UIInterfaceOrientationPortrait UIInterfaceOrientationLandscapeLeft UIInterfaceOrientationLandscapeRight";
				LD_RUNPATH_SEARCH_PATHS = (
					"$(inherited)",
					"@executable_path/Frameworks",
				);
				MARKETING_VERSION = 1.0;
				PRODUCT_BUNDLE_IDENTIFIER = "com.minh.Swift-UI-1";
				PRODUCT_NAME = "$(TARGET_NAME)";
				SWIFT_EMIT_LOC_STRINGS = YES;
				SWIFT_VERSION = 5.0;
				TARGETED_DEVICE_FAMILY = "1,2";
			};
			name = Debug;
		};
		00B3FCFA2C6DA1CD00F92FC4 /* Release */ = {
			isa = XCBuildConfiguration;
			baseConfigurationReference = 1116CF33B6FCF656ACC53DE2 /* Pods-Swift_UI_1.release.xcconfig */;
			buildSettings = {
				ASSETCATALOG_COMPILER_APPICON_NAME = AppIcon;
				ASSETCATALOG_COMPILER_GLOBAL_ACCENT_COLOR_NAME = AccentColor;
				CODE_SIGN_STYLE = Automatic;
				CURRENT_PROJECT_VERSION = 1;
				DEVELOPMENT_ASSET_PATHS = "\"Swift_UI_1/Preview Content\"";
				ENABLE_PREVIEWS = YES;
				GENERATE_INFOPLIST_FILE = YES;
				INFOPLIST_KEY_UIApplicationSceneManifest_Generation = YES;
				INFOPLIST_KEY_UIApplicationSupportsIndirectInputEvents = YES;
				INFOPLIST_KEY_UILaunchScreen_Generation = YES;
				INFOPLIST_KEY_UISupportedInterfaceOrientations_iPad = "UIInterfaceOrientationPortrait UIInterfaceOrientationPortraitUpsideDown UIInterfaceOrientationLandscapeLeft UIInterfaceOrientationLandscapeRight";
				INFOPLIST_KEY_UISupportedInterfaceOrientations_iPhone = "UIInterfaceOrientationPortrait UIInterfaceOrientationLandscapeLeft UIInterfaceOrientationLandscapeRight";
				LD_RUNPATH_SEARCH_PATHS = (
					"$(inherited)",
					"@executable_path/Frameworks",
				);
				MARKETING_VERSION = 1.0;
				PRODUCT_BUNDLE_IDENTIFIER = "com.minh.Swift-UI-1";
				PRODUCT_NAME = "$(TARGET_NAME)";
				SWIFT_EMIT_LOC_STRINGS = YES;
				SWIFT_VERSION = 5.0;
				TARGETED_DEVICE_FAMILY = "1,2";
			};
			name = Release;
		};
/* End XCBuildConfiguration section */

/* Begin XCConfigurationList section */
		00B3FCE52C6DA1CB00F92FC4 /* Build configuration list for PBXProject "Swift_UI_1" */ = {
			isa = XCConfigurationList;
			buildConfigurations = (
				00B3FCF62C6DA1CD00F92FC4 /* Debug */,
				00B3FCF72C6DA1CD00F92FC4 /* Release */,
			);
			defaultConfigurationIsVisible = 0;
			defaultConfigurationName = Release;
		};
		00B3FCF82C6DA1CD00F92FC4 /* Build configuration list for PBXNativeTarget "Swift_UI_1" */ = {
			isa = XCConfigurationList;
			buildConfigurations = (
				00B3FCF92C6DA1CD00F92FC4 /* Debug */,
				00B3FCFA2C6DA1CD00F92FC4 /* Release */,
			);
			defaultConfigurationIsVisible = 0;
			defaultConfigurationName = Release;
		};
/* End XCConfigurationList section */
	};
	rootObject = 00B3FCE22C6DA1CB00F92FC4 /* Project object */;
}
